// !$*UTF8*$!
{
	archiveVersion = 1;
	classes = {
	};
	objectVersion = 51;
	objects = {

/* Begin PBXBuildFile section */
		71B05D1CF6FD28FAA2056F2F /* Pods_DaylyUITests.framework in Frameworks */ = {isa = PBXBuildFile; fileRef = 777444D433D17CACAFBF5AF3 /* Pods_DaylyUITests.framework */; };
		8A70C20BBA5C32B2CB047564 /* Pods_DaylyTests.framework in Frameworks */ = {isa = PBXBuildFile; fileRef = 4A415EDEE11B7788ED145B4E /* Pods_DaylyTests.framework */; };
		8CE7366D22DF9DB200996D91 /* SignUpViewController.swift in Sources */ = {isa = PBXBuildFile; fileRef = 8CE7366C22DF9DB200996D91 /* SignUpViewController.swift */; };
		8CE7366F22DF9E4E00996D91 /* LoginViewController.swift in Sources */ = {isa = PBXBuildFile; fileRef = 8CE7366E22DF9E4E00996D91 /* LoginViewController.swift */; };
		8CEF984722EE65A60093DB5B /* MDViewController.swift in Sources */ = {isa = PBXBuildFile; fileRef = 8CEF984622EE65A60093DB5B /* MDViewController.swift */; };
		8CF0AA0F22D7D36800A5D17E /* AppDelegate.swift in Sources */ = {isa = PBXBuildFile; fileRef = 8CF0AA0E22D7D36800A5D17E /* AppDelegate.swift */; };
		8CF0AA1122D7D36800A5D17E /* ViewController.swift in Sources */ = {isa = PBXBuildFile; fileRef = 8CF0AA1022D7D36800A5D17E /* ViewController.swift */; };
		8CF0AA1422D7D36800A5D17E /* Main.storyboard in Resources */ = {isa = PBXBuildFile; fileRef = 8CF0AA1222D7D36800A5D17E /* Main.storyboard */; };
		8CF0AA1622D7D36D00A5D17E /* Assets.xcassets in Resources */ = {isa = PBXBuildFile; fileRef = 8CF0AA1522D7D36D00A5D17E /* Assets.xcassets */; };
		8CF0AA1922D7D36E00A5D17E /* LaunchScreen.storyboard in Resources */ = {isa = PBXBuildFile; fileRef = 8CF0AA1722D7D36E00A5D17E /* LaunchScreen.storyboard */; };
		8CF0AA2422D7D36E00A5D17E /* DaylyTests.swift in Sources */ = {isa = PBXBuildFile; fileRef = 8CF0AA2322D7D36E00A5D17E /* DaylyTests.swift */; };
		8CF0AA2F22D7D36E00A5D17E /* DaylyUITests.swift in Sources */ = {isa = PBXBuildFile; fileRef = 8CF0AA2E22D7D36E00A5D17E /* DaylyUITests.swift */; };
		8CF0AA3D22D7D6F000A5D17E /* GoogleService-Info.plist in Resources */ = {isa = PBXBuildFile; fileRef = 8CF0AA3C22D7D6F000A5D17E /* GoogleService-Info.plist */; };
		8CF2E60B22F8D61F00A3BC2A /* MoreInfoViewController.swift in Sources */ = {isa = PBXBuildFile; fileRef = 8CF2E60A22F8D61E00A3BC2A /* MoreInfoViewController.swift */; };
		8CF8C50F22EA50F400F2CECC /* Designs.swift in Sources */ = {isa = PBXBuildFile; fileRef = 8CF8C50E22EA50F300F2CECC /* Designs.swift */; };
		8CFA441B22EA431C0071671F /* StartViewController.swift in Sources */ = {isa = PBXBuildFile; fileRef = 8CFA441A22EA431C0071671F /* StartViewController.swift */; };
		8CFCFDE622E8F23300A76D52 /* HomeViewController.swift in Sources */ = {isa = PBXBuildFile; fileRef = 8CFCFDE522E8F23200A76D52 /* HomeViewController.swift */; };
		C2B7DBB911D0C6E0DEE7BEF2 /* Pods_Dayly.framework in Frameworks */ = {isa = PBXBuildFile; fileRef = 7EBE8552274DD5620D830557 /* Pods_Dayly.framework */; };
/* End PBXBuildFile section */

/* Begin PBXContainerItemProxy section */
		8CF0AA2022D7D36E00A5D17E /* PBXContainerItemProxy */ = {
			isa = PBXContainerItemProxy;
			containerPortal = 8CF0AA0322D7D36800A5D17E /* Project object */;
			proxyType = 1;
			remoteGlobalIDString = 8CF0AA0A22D7D36800A5D17E;
			remoteInfo = Dayly;
		};
		8CF0AA2B22D7D36E00A5D17E /* PBXContainerItemProxy */ = {
			isa = PBXContainerItemProxy;
			containerPortal = 8CF0AA0322D7D36800A5D17E /* Project object */;
			proxyType = 1;
			remoteGlobalIDString = 8CF0AA0A22D7D36800A5D17E;
			remoteInfo = Dayly;
		};
/* End PBXContainerItemProxy section */

/* Begin PBXFileReference section */
		04C79768D8023104D5775BEC /* Pods-DaylyUITests.debug.xcconfig */ = {isa = PBXFileReference; includeInIndex = 1; lastKnownFileType = text.xcconfig; name = "Pods-DaylyUITests.debug.xcconfig"; path = "Target Support Files/Pods-DaylyUITests/Pods-DaylyUITests.debug.xcconfig"; sourceTree = "<group>"; };
		1CFFD1972EDE519909B39F7F /* Pods-Dayly.release.xcconfig */ = {isa = PBXFileReference; includeInIndex = 1; lastKnownFileType = text.xcconfig; name = "Pods-Dayly.release.xcconfig"; path = "Target Support Files/Pods-Dayly/Pods-Dayly.release.xcconfig"; sourceTree = "<group>"; };
		4A415EDEE11B7788ED145B4E /* Pods_DaylyTests.framework */ = {isa = PBXFileReference; explicitFileType = wrapper.framework; includeInIndex = 0; path = Pods_DaylyTests.framework; sourceTree = BUILT_PRODUCTS_DIR; };
		777444D433D17CACAFBF5AF3 /* Pods_DaylyUITests.framework */ = {isa = PBXFileReference; explicitFileType = wrapper.framework; includeInIndex = 0; path = Pods_DaylyUITests.framework; sourceTree = BUILT_PRODUCTS_DIR; };
		7D4947B18777FE13D63BA30B /* Pods-DaylyTests.debug.xcconfig */ = {isa = PBXFileReference; includeInIndex = 1; lastKnownFileType = text.xcconfig; name = "Pods-DaylyTests.debug.xcconfig"; path = "Target Support Files/Pods-DaylyTests/Pods-DaylyTests.debug.xcconfig"; sourceTree = "<group>"; };
		7EBE8552274DD5620D830557 /* Pods_Dayly.framework */ = {isa = PBXFileReference; explicitFileType = wrapper.framework; includeInIndex = 0; path = Pods_Dayly.framework; sourceTree = BUILT_PRODUCTS_DIR; };
		8CE7366C22DF9DB200996D91 /* SignUpViewController.swift */ = {isa = PBXFileReference; lastKnownFileType = sourcecode.swift; path = SignUpViewController.swift; sourceTree = "<group>"; };
		8CE7366E22DF9E4E00996D91 /* LoginViewController.swift */ = {isa = PBXFileReference; lastKnownFileType = sourcecode.swift; path = LoginViewController.swift; sourceTree = "<group>"; };
		8CEF984622EE65A60093DB5B /* MDViewController.swift */ = {isa = PBXFileReference; lastKnownFileType = sourcecode.swift; path = MDViewController.swift; sourceTree = "<group>"; };
		8CF0AA0B22D7D36800A5D17E /* Dayly.app */ = {isa = PBXFileReference; explicitFileType = wrapper.application; includeInIndex = 0; path = Dayly.app; sourceTree = BUILT_PRODUCTS_DIR; };
		8CF0AA0E22D7D36800A5D17E /* AppDelegate.swift */ = {isa = PBXFileReference; lastKnownFileType = sourcecode.swift; path = AppDelegate.swift; sourceTree = "<group>"; };
		8CF0AA1022D7D36800A5D17E /* ViewController.swift */ = {isa = PBXFileReference; lastKnownFileType = sourcecode.swift; path = ViewController.swift; sourceTree = "<group>"; };
		8CF0AA1322D7D36800A5D17E /* Base */ = {isa = PBXFileReference; lastKnownFileType = file.storyboard; name = Base; path = Base.lproj/Main.storyboard; sourceTree = "<group>"; };
		8CF0AA1522D7D36D00A5D17E /* Assets.xcassets */ = {isa = PBXFileReference; lastKnownFileType = folder.assetcatalog; path = Assets.xcassets; sourceTree = "<group>"; };
		8CF0AA1822D7D36E00A5D17E /* Base */ = {isa = PBXFileReference; lastKnownFileType = file.storyboard; name = Base; path = Base.lproj/LaunchScreen.storyboard; sourceTree = "<group>"; };
		8CF0AA1A22D7D36E00A5D17E /* Info.plist */ = {isa = PBXFileReference; lastKnownFileType = text.plist.xml; path = Info.plist; sourceTree = "<group>"; };
		8CF0AA1F22D7D36E00A5D17E /* DaylyTests.xctest */ = {isa = PBXFileReference; explicitFileType = wrapper.cfbundle; includeInIndex = 0; path = DaylyTests.xctest; sourceTree = BUILT_PRODUCTS_DIR; };
		8CF0AA2322D7D36E00A5D17E /* DaylyTests.swift */ = {isa = PBXFileReference; lastKnownFileType = sourcecode.swift; path = DaylyTests.swift; sourceTree = "<group>"; };
		8CF0AA2522D7D36E00A5D17E /* Info.plist */ = {isa = PBXFileReference; lastKnownFileType = text.plist.xml; path = Info.plist; sourceTree = "<group>"; };
		8CF0AA2A22D7D36E00A5D17E /* DaylyUITests.xctest */ = {isa = PBXFileReference; explicitFileType = wrapper.cfbundle; includeInIndex = 0; path = DaylyUITests.xctest; sourceTree = BUILT_PRODUCTS_DIR; };
		8CF0AA2E22D7D36E00A5D17E /* DaylyUITests.swift */ = {isa = PBXFileReference; lastKnownFileType = sourcecode.swift; path = DaylyUITests.swift; sourceTree = "<group>"; };
		8CF0AA3022D7D36E00A5D17E /* Info.plist */ = {isa = PBXFileReference; lastKnownFileType = text.plist.xml; path = Info.plist; sourceTree = "<group>"; };
		8CF0AA3C22D7D6F000A5D17E /* GoogleService-Info.plist */ = {isa = PBXFileReference; fileEncoding = 4; lastKnownFileType = text.plist.xml; path = "GoogleService-Info.plist"; sourceTree = "<group>"; };
		8CF2E60A22F8D61E00A3BC2A /* MoreInfoViewController.swift */ = {isa = PBXFileReference; lastKnownFileType = sourcecode.swift; path = MoreInfoViewController.swift; sourceTree = "<group>"; };
		8CF8C50E22EA50F300F2CECC /* Designs.swift */ = {isa = PBXFileReference; lastKnownFileType = sourcecode.swift; path = Designs.swift; sourceTree = "<group>"; };
		8CFA441A22EA431C0071671F /* StartViewController.swift */ = {isa = PBXFileReference; lastKnownFileType = sourcecode.swift; path = StartViewController.swift; sourceTree = "<group>"; };
		8CFCFDE522E8F23200A76D52 /* HomeViewController.swift */ = {isa = PBXFileReference; lastKnownFileType = sourcecode.swift; path = HomeViewController.swift; sourceTree = "<group>"; };
		8E6EC4239F39134B6B61F12C /* Pods-DaylyUITests.release.xcconfig */ = {isa = PBXFileReference; includeInIndex = 1; lastKnownFileType = text.xcconfig; name = "Pods-DaylyUITests.release.xcconfig"; path = "Target Support Files/Pods-DaylyUITests/Pods-DaylyUITests.release.xcconfig"; sourceTree = "<group>"; };
		96373128A5928B3DEED9C505 /* Pods-DaylyTests.release.xcconfig */ = {isa = PBXFileReference; includeInIndex = 1; lastKnownFileType = text.xcconfig; name = "Pods-DaylyTests.release.xcconfig"; path = "Target Support Files/Pods-DaylyTests/Pods-DaylyTests.release.xcconfig"; sourceTree = "<group>"; };
		F4E9E22C2F37941EF459A009 /* Pods-Dayly.debug.xcconfig */ = {isa = PBXFileReference; includeInIndex = 1; lastKnownFileType = text.xcconfig; name = "Pods-Dayly.debug.xcconfig"; path = "Target Support Files/Pods-Dayly/Pods-Dayly.debug.xcconfig"; sourceTree = "<group>"; };
/* End PBXFileReference section */

/* Begin PBXFrameworksBuildPhase section */
		8CF0AA0822D7D36800A5D17E /* Frameworks */ = {
			isa = PBXFrameworksBuildPhase;
			buildActionMask = 2147483647;
			files = (
				C2B7DBB911D0C6E0DEE7BEF2 /* Pods_Dayly.framework in Frameworks */,
			);
			runOnlyForDeploymentPostprocessing = 0;
		};
		8CF0AA1C22D7D36E00A5D17E /* Frameworks */ = {
			isa = PBXFrameworksBuildPhase;
			buildActionMask = 2147483647;
			files = (
				8A70C20BBA5C32B2CB047564 /* Pods_DaylyTests.framework in Frameworks */,
			);
			runOnlyForDeploymentPostprocessing = 0;
		};
		8CF0AA2722D7D36E00A5D17E /* Frameworks */ = {
			isa = PBXFrameworksBuildPhase;
			buildActionMask = 2147483647;
			files = (
				71B05D1CF6FD28FAA2056F2F /* Pods_DaylyUITests.framework in Frameworks */,
			);
			runOnlyForDeploymentPostprocessing = 0;
		};
/* End PBXFrameworksBuildPhase section */

/* Begin PBXGroup section */
		544CFC034468FB9A9CBFC663 /* Pods */ = {
			isa = PBXGroup;
			children = (
				F4E9E22C2F37941EF459A009 /* Pods-Dayly.debug.xcconfig */,
				1CFFD1972EDE519909B39F7F /* Pods-Dayly.release.xcconfig */,
				7D4947B18777FE13D63BA30B /* Pods-DaylyTests.debug.xcconfig */,
				96373128A5928B3DEED9C505 /* Pods-DaylyTests.release.xcconfig */,
				04C79768D8023104D5775BEC /* Pods-DaylyUITests.debug.xcconfig */,
				8E6EC4239F39134B6B61F12C /* Pods-DaylyUITests.release.xcconfig */,
			);
			path = Pods;
			sourceTree = "<group>";
		};
		8CF0AA0222D7D36800A5D17E = {
			isa = PBXGroup;
			children = (
				8CF0AA0D22D7D36800A5D17E /* Dayly */,
				8CF0AA2222D7D36E00A5D17E /* DaylyTests */,
				8CF0AA2D22D7D36E00A5D17E /* DaylyUITests */,
				8CF0AA0C22D7D36800A5D17E /* Products */,
				544CFC034468FB9A9CBFC663 /* Pods */,
				A7EFA002BD1B21C3323DA8EC /* Frameworks */,
			);
			sourceTree = "<group>";
		};
		8CF0AA0C22D7D36800A5D17E /* Products */ = {
			isa = PBXGroup;
			children = (
				8CF0AA0B22D7D36800A5D17E /* Dayly.app */,
				8CF0AA1F22D7D36E00A5D17E /* DaylyTests.xctest */,
				8CF0AA2A22D7D36E00A5D17E /* DaylyUITests.xctest */,
			);
			name = Products;
			sourceTree = "<group>";
		};
		8CF0AA0D22D7D36800A5D17E /* Dayly */ = {
			isa = PBXGroup;
			children = (
				8CF0AA0E22D7D36800A5D17E /* AppDelegate.swift */,
				8CE7366C22DF9DB200996D91 /* SignUpViewController.swift */,
				8CF0AA1022D7D36800A5D17E /* ViewController.swift */,
				8CF0AA1222D7D36800A5D17E /* Main.storyboard */,
				8CF2E60A22F8D61E00A3BC2A /* MoreInfoViewController.swift */,
				8CF0AA1522D7D36D00A5D17E /* Assets.xcassets */,
				8CF0AA1722D7D36E00A5D17E /* LaunchScreen.storyboard */,
				8CF0AA3C22D7D6F000A5D17E /* GoogleService-Info.plist */,
				8CF0AA1A22D7D36E00A5D17E /* Info.plist */,
				8CE7366E22DF9E4E00996D91 /* LoginViewController.swift */,
				8CFA441A22EA431C0071671F /* StartViewController.swift */,
				8CFCFDE522E8F23200A76D52 /* HomeViewController.swift */,
				8CF8C50E22EA50F300F2CECC /* Designs.swift */,
				8CEF984622EE65A60093DB5B /* MDViewController.swift */,
			);
			path = Dayly;
			sourceTree = "<group>";
		};
		8CF0AA2222D7D36E00A5D17E /* DaylyTests */ = {
			isa = PBXGroup;
			children = (
				8CF0AA2322D7D36E00A5D17E /* DaylyTests.swift */,
				8CF0AA2522D7D36E00A5D17E /* Info.plist */,
			);
			path = DaylyTests;
			sourceTree = "<group>";
		};
		8CF0AA2D22D7D36E00A5D17E /* DaylyUITests */ = {
			isa = PBXGroup;
			children = (
				8CF0AA2E22D7D36E00A5D17E /* DaylyUITests.swift */,
				8CF0AA3022D7D36E00A5D17E /* Info.plist */,
			);
			path = DaylyUITests;
			sourceTree = "<group>";
		};
		A7EFA002BD1B21C3323DA8EC /* Frameworks */ = {
			isa = PBXGroup;
			children = (
				7EBE8552274DD5620D830557 /* Pods_Dayly.framework */,
				4A415EDEE11B7788ED145B4E /* Pods_DaylyTests.framework */,
				777444D433D17CACAFBF5AF3 /* Pods_DaylyUITests.framework */,
			);
			name = Frameworks;
			sourceTree = "<group>";
		};
/* End PBXGroup section */

/* Begin PBXNativeTarget section */
		8CF0AA0A22D7D36800A5D17E /* Dayly */ = {
			isa = PBXNativeTarget;
			buildConfigurationList = 8CF0AA3322D7D36E00A5D17E /* Build configuration list for PBXNativeTarget "Dayly" */;
			buildPhases = (
				90C4DBABD6FE72A2E11584C6 /* [CP] Check Pods Manifest.lock */,
				8CF0AA0722D7D36800A5D17E /* Sources */,
				8CF0AA0822D7D36800A5D17E /* Frameworks */,
				8CF0AA0922D7D36800A5D17E /* Resources */,
				8A7408EA9B96ACB2CDEEF74C /* [CP] Embed Pods Frameworks */,
			);
			buildRules = (
			);
			dependencies = (
			);
			name = Dayly;
			productName = Dayly;
			productReference = 8CF0AA0B22D7D36800A5D17E /* Dayly.app */;
			productType = "com.apple.product-type.application";
		};
		8CF0AA1E22D7D36E00A5D17E /* DaylyTests */ = {
			isa = PBXNativeTarget;
			buildConfigurationList = 8CF0AA3622D7D36E00A5D17E /* Build configuration list for PBXNativeTarget "DaylyTests" */;
			buildPhases = (
				7A3FF72D6D3F7C761E44026B /* [CP] Check Pods Manifest.lock */,
				8CF0AA1B22D7D36E00A5D17E /* Sources */,
				8CF0AA1C22D7D36E00A5D17E /* Frameworks */,
				8CF0AA1D22D7D36E00A5D17E /* Resources */,
			);
			buildRules = (
			);
			dependencies = (
				8CF0AA2122D7D36E00A5D17E /* PBXTargetDependency */,
			);
			name = DaylyTests;
			productName = DaylyTests;
			productReference = 8CF0AA1F22D7D36E00A5D17E /* DaylyTests.xctest */;
			productType = "com.apple.product-type.bundle.unit-test";
		};
		8CF0AA2922D7D36E00A5D17E /* DaylyUITests */ = {
			isa = PBXNativeTarget;
			buildConfigurationList = 8CF0AA3922D7D36E00A5D17E /* Build configuration list for PBXNativeTarget "DaylyUITests" */;
			buildPhases = (
				1FF338EC7100E54F43B6C178 /* [CP] Check Pods Manifest.lock */,
				8CF0AA2622D7D36E00A5D17E /* Sources */,
				8CF0AA2722D7D36E00A5D17E /* Frameworks */,
				8CF0AA2822D7D36E00A5D17E /* Resources */,
			);
			buildRules = (
			);
			dependencies = (
				8CF0AA2C22D7D36E00A5D17E /* PBXTargetDependency */,
			);
			name = DaylyUITests;
			productName = DaylyUITests;
			productReference = 8CF0AA2A22D7D36E00A5D17E /* DaylyUITests.xctest */;
			productType = "com.apple.product-type.bundle.ui-testing";
		};
/* End PBXNativeTarget section */

/* Begin PBXProject section */
		8CF0AA0322D7D36800A5D17E /* Project object */ = {
			isa = PBXProject;
			attributes = {
				LastSwiftUpdateCheck = 1020;
				LastUpgradeCheck = 1020;
				ORGANIZATIONNAME = Srijit;
				TargetAttributes = {
					8CF0AA0A22D7D36800A5D17E = {
						CreatedOnToolsVersion = 10.2.1;
					};
					8CF0AA1E22D7D36E00A5D17E = {
						CreatedOnToolsVersion = 10.2.1;
						TestTargetID = 8CF0AA0A22D7D36800A5D17E;
					};
					8CF0AA2922D7D36E00A5D17E = {
						CreatedOnToolsVersion = 10.2.1;
						TestTargetID = 8CF0AA0A22D7D36800A5D17E;
					};
				};
			};
			buildConfigurationList = 8CF0AA0622D7D36800A5D17E /* Build configuration list for PBXProject "Dayly" */;
			compatibilityVersion = "Xcode 9.3";
			developmentRegion = en;
			hasScannedForEncodings = 0;
			knownRegions = (
				en,
				Base,
			);
			mainGroup = 8CF0AA0222D7D36800A5D17E;
			productRefGroup = 8CF0AA0C22D7D36800A5D17E /* Products */;
			projectDirPath = "";
			projectRoot = "";
			targets = (
				8CF0AA0A22D7D36800A5D17E /* Dayly */,
				8CF0AA1E22D7D36E00A5D17E /* DaylyTests */,
				8CF0AA2922D7D36E00A5D17E /* DaylyUITests */,
			);
		};
/* End PBXProject section */

/* Begin PBXResourcesBuildPhase section */
		8CF0AA0922D7D36800A5D17E /* Resources */ = {
			isa = PBXResourcesBuildPhase;
			buildActionMask = 2147483647;
			files = (
				8CF0AA1922D7D36E00A5D17E /* LaunchScreen.storyboard in Resources */,
				8CF0AA3D22D7D6F000A5D17E /* GoogleService-Info.plist in Resources */,
				8CF0AA1622D7D36D00A5D17E /* Assets.xcassets in Resources */,
				8CF0AA1422D7D36800A5D17E /* Main.storyboard in Resources */,
			);
			runOnlyForDeploymentPostprocessing = 0;
		};
		8CF0AA1D22D7D36E00A5D17E /* Resources */ = {
			isa = PBXResourcesBuildPhase;
			buildActionMask = 2147483647;
			files = (
			);
			runOnlyForDeploymentPostprocessing = 0;
		};
		8CF0AA2822D7D36E00A5D17E /* Resources */ = {
			isa = PBXResourcesBuildPhase;
			buildActionMask = 2147483647;
			files = (
			);
			runOnlyForDeploymentPostprocessing = 0;
		};
/* End PBXResourcesBuildPhase section */

/* Begin PBXShellScriptBuildPhase section */
		1FF338EC7100E54F43B6C178 /* [CP] Check Pods Manifest.lock */ = {
			isa = PBXShellScriptBuildPhase;
			buildActionMask = 2147483647;
			files = (
			);
			inputFileListPaths = (
			);
			inputPaths = (
				"${PODS_PODFILE_DIR_PATH}/Podfile.lock",
				"${PODS_ROOT}/Manifest.lock",
			);
			name = "[CP] Check Pods Manifest.lock";
			outputFileListPaths = (
			);
			outputPaths = (
				"$(DERIVED_FILE_DIR)/Pods-DaylyUITests-checkManifestLockResult.txt",
			);
			runOnlyForDeploymentPostprocessing = 0;
			shellPath = /bin/sh;
			shellScript = "diff \"${PODS_PODFILE_DIR_PATH}/Podfile.lock\" \"${PODS_ROOT}/Manifest.lock\" > /dev/null\nif [ $? != 0 ] ; then\n    # print error to STDERR\n    echo \"error: The sandbox is not in sync with the Podfile.lock. Run 'pod install' or update your CocoaPods installation.\" >&2\n    exit 1\nfi\n# This output is used by Xcode 'outputs' to avoid re-running this script phase.\necho \"SUCCESS\" > \"${SCRIPT_OUTPUT_FILE_0}\"\n";
			showEnvVarsInLog = 0;
		};
		7A3FF72D6D3F7C761E44026B /* [CP] Check Pods Manifest.lock */ = {
			isa = PBXShellScriptBuildPhase;
			buildActionMask = 2147483647;
			files = (
			);
			inputFileListPaths = (
			);
			inputPaths = (
				"${PODS_PODFILE_DIR_PATH}/Podfile.lock",
				"${PODS_ROOT}/Manifest.lock",
			);
			name = "[CP] Check Pods Manifest.lock";
			outputFileListPaths = (
			);
			outputPaths = (
				"$(DERIVED_FILE_DIR)/Pods-DaylyTests-checkManifestLockResult.txt",
			);
			runOnlyForDeploymentPostprocessing = 0;
			shellPath = /bin/sh;
			shellScript = "diff \"${PODS_PODFILE_DIR_PATH}/Podfile.lock\" \"${PODS_ROOT}/Manifest.lock\" > /dev/null\nif [ $? != 0 ] ; then\n    # print error to STDERR\n    echo \"error: The sandbox is not in sync with the Podfile.lock. Run 'pod install' or update your CocoaPods installation.\" >&2\n    exit 1\nfi\n# This output is used by Xcode 'outputs' to avoid re-running this script phase.\necho \"SUCCESS\" > \"${SCRIPT_OUTPUT_FILE_0}\"\n";
			showEnvVarsInLog = 0;
		};
		8A7408EA9B96ACB2CDEEF74C /* [CP] Embed Pods Frameworks */ = {
			isa = PBXShellScriptBuildPhase;
			buildActionMask = 2147483647;
			files = (
			);
			inputFileListPaths = (
				"${PODS_ROOT}/Target Support Files/Pods-Dayly/Pods-Dayly-frameworks-${CONFIGURATION}-input-files.xcfilelist",
			);
			name = "[CP] Embed Pods Frameworks";
			outputFileListPaths = (
				"${PODS_ROOT}/Target Support Files/Pods-Dayly/Pods-Dayly-frameworks-${CONFIGURATION}-output-files.xcfilelist",
			);
			runOnlyForDeploymentPostprocessing = 0;
			shellPath = /bin/sh;
			shellScript = "\"${PODS_ROOT}/Target Support Files/Pods-Dayly/Pods-Dayly-frameworks.sh\"\n";
			showEnvVarsInLog = 0;
		};
		90C4DBABD6FE72A2E11584C6 /* [CP] Check Pods Manifest.lock */ = {
			isa = PBXShellScriptBuildPhase;
			buildActionMask = 2147483647;
			files = (
			);
			inputFileListPaths = (
			);
			inputPaths = (
				"${PODS_PODFILE_DIR_PATH}/Podfile.lock",
				"${PODS_ROOT}/Manifest.lock",
			);
			name = "[CP] Check Pods Manifest.lock";
			outputFileListPaths = (
			);
			outputPaths = (
				"$(DERIVED_FILE_DIR)/Pods-Dayly-checkManifestLockResult.txt",
			);
			runOnlyForDeploymentPostprocessing = 0;
			shellPath = /bin/sh;
			shellScript = "diff \"${PODS_PODFILE_DIR_PATH}/Podfile.lock\" \"${PODS_ROOT}/Manifest.lock\" > /dev/null\nif [ $? != 0 ] ; then\n    # print error to STDERR\n    echo \"error: The sandbox is not in sync with the Podfile.lock. Run 'pod install' or update your CocoaPods installation.\" >&2\n    exit 1\nfi\n# This output is used by Xcode 'outputs' to avoid re-running this script phase.\necho \"SUCCESS\" > \"${SCRIPT_OUTPUT_FILE_0}\"\n";
			showEnvVarsInLog = 0;
		};
/* End PBXShellScriptBuildPhase section */

/* Begin PBXSourcesBuildPhase section */
		8CF0AA0722D7D36800A5D17E /* Sources */ = {
			isa = PBXSourcesBuildPhase;
			buildActionMask = 2147483647;
			files = (
				8CFCFDE622E8F23300A76D52 /* HomeViewController.swift in Sources */,
				8CEF984722EE65A60093DB5B /* MDViewController.swift in Sources */,
				8CF8C50F22EA50F400F2CECC /* Designs.swift in Sources */,
				8CE7366F22DF9E4E00996D91 /* LoginViewController.swift in Sources */,
				8CE7366D22DF9DB200996D91 /* SignUpViewController.swift in Sources */,
				8CF0AA1122D7D36800A5D17E /* ViewController.swift in Sources */,
				8CF2E60B22F8D61F00A3BC2A /* MoreInfoViewController.swift in Sources */,
				8CF0AA0F22D7D36800A5D17E /* AppDelegate.swift in Sources */,
				8CFA441B22EA431C0071671F /* StartViewController.swift in Sources */,
			);
			runOnlyForDeploymentPostprocessing = 0;
		};
		8CF0AA1B22D7D36E00A5D17E /* Sources */ = {
			isa = PBXSourcesBuildPhase;
			buildActionMask = 2147483647;
			files = (
				8CF0AA2422D7D36E00A5D17E /* DaylyTests.swift in Sources */,
			);
			runOnlyForDeploymentPostprocessing = 0;
		};
		8CF0AA2622D7D36E00A5D17E /* Sources */ = {
			isa = PBXSourcesBuildPhase;
			buildActionMask = 2147483647;
			files = (
				8CF0AA2F22D7D36E00A5D17E /* DaylyUITests.swift in Sources */,
			);
			runOnlyForDeploymentPostprocessing = 0;
		};
/* End PBXSourcesBuildPhase section */

/* Begin PBXTargetDependency section */
		8CF0AA2122D7D36E00A5D17E /* PBXTargetDependency */ = {
			isa = PBXTargetDependency;
			target = 8CF0AA0A22D7D36800A5D17E /* Dayly */;
			targetProxy = 8CF0AA2022D7D36E00A5D17E /* PBXContainerItemProxy */;
		};
		8CF0AA2C22D7D36E00A5D17E /* PBXTargetDependency */ = {
			isa = PBXTargetDependency;
			target = 8CF0AA0A22D7D36800A5D17E /* Dayly */;
			targetProxy = 8CF0AA2B22D7D36E00A5D17E /* PBXContainerItemProxy */;
		};
/* End PBXTargetDependency section */

/* Begin PBXVariantGroup section */
		8CF0AA1222D7D36800A5D17E /* Main.storyboard */ = {
			isa = PBXVariantGroup;
			children = (
				8CF0AA1322D7D36800A5D17E /* Base */,
			);
			name = Main.storyboard;
			sourceTree = "<group>";
		};
		8CF0AA1722D7D36E00A5D17E /* LaunchScreen.storyboard */ = {
			isa = PBXVariantGroup;
			children = (
				8CF0AA1822D7D36E00A5D17E /* Base */,
			);
			name = LaunchScreen.storyboard;
			sourceTree = "<group>";
		};
/* End PBXVariantGroup section */

/* Begin XCBuildConfiguration section */
		8CF0AA3122D7D36E00A5D17E /* Debug */ = {
			isa = XCBuildConfiguration;
			buildSettings = {
				ALWAYS_SEARCH_USER_PATHS = NO;
				CLANG_ANALYZER_NONNULL = YES;
				CLANG_ANALYZER_NUMBER_OBJECT_CONVERSION = YES_AGGRESSIVE;
				CLANG_CXX_LANGUAGE_STANDARD = "gnu++14";
				CLANG_CXX_LIBRARY = "libc++";
				CLANG_ENABLE_MODULES = YES;
				CLANG_ENABLE_OBJC_ARC = YES;
				CLANG_ENABLE_OBJC_WEAK = YES;
				CLANG_WARN_BLOCK_CAPTURE_AUTORELEASING = YES;
				CLANG_WARN_BOOL_CONVERSION = YES;
				CLANG_WARN_COMMA = YES;
				CLANG_WARN_CONSTANT_CONVERSION = YES;
				CLANG_WARN_DEPRECATED_OBJC_IMPLEMENTATIONS = YES;
				CLANG_WARN_DIRECT_OBJC_ISA_USAGE = YES_ERROR;
				CLANG_WARN_DOCUMENTATION_COMMENTS = YES;
				CLANG_WARN_EMPTY_BODY = YES;
				CLANG_WARN_ENUM_CONVERSION = YES;
				CLANG_WARN_INFINITE_RECURSION = YES;
				CLANG_WARN_INT_CONVERSION = YES;
				CLANG_WARN_NON_LITERAL_NULL_CONVERSION = YES;
				CLANG_WARN_OBJC_IMPLICIT_RETAIN_SELF = YES;
				CLANG_WARN_OBJC_LITERAL_CONVERSION = YES;
				CLANG_WARN_OBJC_ROOT_CLASS = YES_ERROR;
				CLANG_WARN_RANGE_LOOP_ANALYSIS = YES;
				CLANG_WARN_STRICT_PROTOTYPES = YES;
				CLANG_WARN_SUSPICIOUS_MOVE = YES;
				CLANG_WARN_UNGUARDED_AVAILABILITY = YES_AGGRESSIVE;
				CLANG_WARN_UNREACHABLE_CODE = YES;
				CLANG_WARN__DUPLICATE_METHOD_MATCH = YES;
				CODE_SIGN_IDENTITY = "iPhone Developer";
				COPY_PHASE_STRIP = NO;
				DEBUG_INFORMATION_FORMAT = dwarf;
				ENABLE_STRICT_OBJC_MSGSEND = YES;
				ENABLE_TESTABILITY = YES;
				GCC_C_LANGUAGE_STANDARD = gnu11;
				GCC_DYNAMIC_NO_PIC = NO;
				GCC_NO_COMMON_BLOCKS = YES;
				GCC_OPTIMIZATION_LEVEL = 0;
				GCC_PREPROCESSOR_DEFINITIONS = (
					"DEBUG=1",
					"$(inherited)",
				);
				GCC_WARN_64_TO_32_BIT_CONVERSION = YES;
				GCC_WARN_ABOUT_RETURN_TYPE = YES_ERROR;
				GCC_WARN_UNDECLARED_SELECTOR = YES;
				GCC_WARN_UNINITIALIZED_AUTOS = YES_AGGRESSIVE;
				GCC_WARN_UNUSED_FUNCTION = YES;
				GCC_WARN_UNUSED_VARIABLE = YES;
				IPHONEOS_DEPLOYMENT_TARGET = 12.2;
				MTL_ENABLE_DEBUG_INFO = INCLUDE_SOURCE;
				MTL_FAST_MATH = YES;
				ONLY_ACTIVE_ARCH = YES;
				SDKROOT = iphoneos;
				SWIFT_ACTIVE_COMPILATION_CONDITIONS = DEBUG;
				SWIFT_OPTIMIZATION_LEVEL = "-Onone";
			};
			name = Debug;
		};
		8CF0AA3222D7D36E00A5D17E /* Release */ = {
			isa = XCBuildConfiguration;
			buildSettings = {
				ALWAYS_SEARCH_USER_PATHS = NO;
				CLANG_ANALYZER_NONNULL = YES;
				CLANG_ANALYZER_NUMBER_OBJECT_CONVERSION = YES_AGGRESSIVE;
				CLANG_CXX_LANGUAGE_STANDARD = "gnu++14";
				CLANG_CXX_LIBRARY = "libc++";
				CLANG_ENABLE_MODULES = YES;
				CLANG_ENABLE_OBJC_ARC = YES;
				CLANG_ENABLE_OBJC_WEAK = YES;
				CLANG_WARN_BLOCK_CAPTURE_AUTORELEASING = YES;
				CLANG_WARN_BOOL_CONVERSION = YES;
				CLANG_WARN_COMMA = YES;
				CLANG_WARN_CONSTANT_CONVERSION = YES;
				CLANG_WARN_DEPRECATED_OBJC_IMPLEMENTATIONS = YES;
				CLANG_WARN_DIRECT_OBJC_ISA_USAGE = YES_ERROR;
				CLANG_WARN_DOCUMENTATION_COMMENTS = YES;
				CLANG_WARN_EMPTY_BODY = YES;
				CLANG_WARN_ENUM_CONVERSION = YES;
				CLANG_WARN_INFINITE_RECURSION = YES;
				CLANG_WARN_INT_CONVERSION = YES;
				CLANG_WARN_NON_LITERAL_NULL_CONVERSION = YES;
				CLANG_WARN_OBJC_IMPLICIT_RETAIN_SELF = YES;
				CLANG_WARN_OBJC_LITERAL_CONVERSION = YES;
				CLANG_WARN_OBJC_ROOT_CLASS = YES_ERROR;
				CLANG_WARN_RANGE_LOOP_ANALYSIS = YES;
				CLANG_WARN_STRICT_PROTOTYPES = YES;
				CLANG_WARN_SUSPICIOUS_MOVE = YES;
				CLANG_WARN_UNGUARDED_AVAILABILITY = YES_AGGRESSIVE;
				CLANG_WARN_UNREACHABLE_CODE = YES;
				CLANG_WARN__DUPLICATE_METHOD_MATCH = YES;
				CODE_SIGN_IDENTITY = "iPhone Developer";
				COPY_PHASE_STRIP = NO;
				DEBUG_INFORMATION_FORMAT = "dwarf-with-dsym";
				ENABLE_NS_ASSERTIONS = NO;
				ENABLE_STRICT_OBJC_MSGSEND = YES;
				GCC_C_LANGUAGE_STANDARD = gnu11;
				GCC_NO_COMMON_BLOCKS = YES;
				GCC_WARN_64_TO_32_BIT_CONVERSION = YES;
				GCC_WARN_ABOUT_RETURN_TYPE = YES_ERROR;
				GCC_WARN_UNDECLARED_SELECTOR = YES;
				GCC_WARN_UNINITIALIZED_AUTOS = YES_AGGRESSIVE;
				GCC_WARN_UNUSED_FUNCTION = YES;
				GCC_WARN_UNUSED_VARIABLE = YES;
				IPHONEOS_DEPLOYMENT_TARGET = 12.2;
				MTL_ENABLE_DEBUG_INFO = NO;
				MTL_FAST_MATH = YES;
				SDKROOT = iphoneos;
				SWIFT_COMPILATION_MODE = wholemodule;
				SWIFT_OPTIMIZATION_LEVEL = "-O";
				VALIDATE_PRODUCT = YES;
			};
			name = Release;
		};
		8CF0AA3422D7D36E00A5D17E /* Debug */ = {
			isa = XCBuildConfiguration;
			baseConfigurationReference = F4E9E22C2F37941EF459A009 /* Pods-Dayly.debug.xcconfig */;
			buildSettings = {
				ASSETCATALOG_COMPILER_APPICON_NAME = AppIcon;
				CODE_SIGN_STYLE = Automatic;
				INFOPLIST_FILE = Dayly/Info.plist;
				LD_RUNPATH_SEARCH_PATHS = (
					"$(inherited)",
					"@executable_path/Frameworks",
				);
				PRODUCT_BUNDLE_IDENTIFIER = Srijit.Dayly;
				PRODUCT_NAME = "$(TARGET_NAME)";
				SWIFT_VERSION = 5.0;
				TARGETED_DEVICE_FAMILY = "1,2";
			};
			name = Debug;
		};
		8CF0AA3522D7D36E00A5D17E /* Release */ = {
			isa = XCBuildConfiguration;
			baseConfigurationReference = 1CFFD1972EDE519909B39F7F /* Pods-Dayly.release.xcconfig */;
			buildSettings = {
				ASSETCATALOG_COMPILER_APPICON_NAME = AppIcon;
				CODE_SIGN_STYLE = Automatic;
				INFOPLIST_FILE = Dayly/Info.plist;
				LD_RUNPATH_SEARCH_PATHS = (
					"$(inherited)",
					"@executable_path/Frameworks",
				);
				PRODUCT_BUNDLE_IDENTIFIER = Srijit.Dayly;
				PRODUCT_NAME = "$(TARGET_NAME)";
				SWIFT_VERSION = 5.0;
				TARGETED_DEVICE_FAMILY = "1,2";
			};
			name = Release;
		};
		8CF0AA3722D7D36E00A5D17E /* Debug */ = {
			isa = XCBuildConfiguration;
			baseConfigurationReference = 7D4947B18777FE13D63BA30B /* Pods-DaylyTests.debug.xcconfig */;
			buildSettings = {
				ALWAYS_EMBED_SWIFT_STANDARD_LIBRARIES = YES;
				BUNDLE_LOADER = "$(TEST_HOST)";
				CODE_SIGN_STYLE = Automatic;
				INFOPLIST_FILE = DaylyTests/Info.plist;
				LD_RUNPATH_SEARCH_PATHS = (
					"$(inherited)",
					"@executable_path/Frameworks",
					"@loader_path/Frameworks",
				);
				PRODUCT_BUNDLE_IDENTIFIER = Srijit.DaylyTests;
				PRODUCT_NAME = "$(TARGET_NAME)";
				SWIFT_VERSION = 5.0;
				TARGETED_DEVICE_FAMILY = "1,2";
				TEST_HOST = "$(BUILT_PRODUCTS_DIR)/Dayly.app/Dayly";
			};
			name = Debug;
		};
		8CF0AA3822D7D36E00A5D17E /* Release */ = {
			isa = XCBuildConfiguration;
			baseConfigurationReference = 96373128A5928B3DEED9C505 /* Pods-DaylyTests.release.xcconfig */;
			buildSettings = {
				ALWAYS_EMBED_SWIFT_STANDARD_LIBRARIES = YES;
				BUNDLE_LOADER = "$(TEST_HOST)";
				CODE_SIGN_STYLE = Automatic;
				INFOPLIST_FILE = DaylyTests/Info.plist;
				LD_RUNPATH_SEARCH_PATHS = (
					"$(inherited)",
					"@executable_path/Frameworks",
					"@loader_path/Frameworks",
				);
				PRODUCT_BUNDLE_IDENTIFIER = Srijit.DaylyTests;
				PRODUCT_NAME = "$(TARGET_NAME)";
				SWIFT_VERSION = 5.0;
				TARGETED_DEVICE_FAMILY = "1,2";
				TEST_HOST = "$(BUILT_PRODUCTS_DIR)/Dayly.app/Dayly";
			};
			name = Release;
		};
		8CF0AA3A22D7D36E00A5D17E /* Debug */ = {
			isa = XCBuildConfiguration;
			baseConfigurationReference = 04C79768D8023104D5775BEC /* Pods-DaylyUITests.debug.xcconfig */;
			buildSettings = {
				ALWAYS_EMBED_SWIFT_STANDARD_LIBRARIES = YES;
				CODE_SIGN_STYLE = Automatic;
				INFOPLIST_FILE = DaylyUITests/Info.plist;
				LD_RUNPATH_SEARCH_PATHS = (
					"$(inherited)",
					"@executable_path/Frameworks",
					"@loader_path/Frameworks",
				);
				PRODUCT_BUNDLE_IDENTIFIER = Srijit.DaylyUITests;
				PRODUCT_NAME = "$(TARGET_NAME)";
				SWIFT_VERSION = 5.0;
				TARGETED_DEVICE_FAMILY = "1,2";
				TEST_TARGET_NAME = Dayly;
			};
			name = Debug;
		};
		8CF0AA3B22D7D36E00A5D17E /* Release */ = {
			isa = XCBuildConfiguration;
			baseConfigurationReference = 8E6EC4239F39134B6B61F12C /* Pods-DaylyUITests.release.xcconfig */;
			buildSettings = {
				ALWAYS_EMBED_SWIFT_STANDARD_LIBRARIES = YES;
				CODE_SIGN_STYLE = Automatic;
				INFOPLIST_FILE = DaylyUITests/Info.plist;
				LD_RUNPATH_SEARCH_PATHS = (
					"$(inherited)",
					"@executable_path/Frameworks",
					"@loader_path/Frameworks",
				);
				PRODUCT_BUNDLE_IDENTIFIER = Srijit.DaylyUITests;
				PRODUCT_NAME = "$(TARGET_NAME)";
				SWIFT_VERSION = 5.0;
				TARGETED_DEVICE_FAMILY = "1,2";
				TEST_TARGET_NAME = Dayly;
			};
			name = Release;
		};
/* End XCBuildConfiguration section */

/* Begin XCConfigurationList section */
		8CF0AA0622D7D36800A5D17E /* Build configuration list for PBXProject "Dayly" */ = {
			isa = XCConfigurationList;
			buildConfigurations = (
				8CF0AA3122D7D36E00A5D17E /* Debug */,
				8CF0AA3222D7D36E00A5D17E /* Release */,
			);
			defaultConfigurationIsVisible = 0;
			defaultConfigurationName = Release;
		};
		8CF0AA3322D7D36E00A5D17E /* Build configuration list for PBXNativeTarget "Dayly" */ = {
			isa = XCConfigurationList;
			buildConfigurations = (
				8CF0AA3422D7D36E00A5D17E /* Debug */,
				8CF0AA3522D7D36E00A5D17E /* Release */,
			);
			defaultConfigurationIsVisible = 0;
			defaultConfigurationName = Release;
		};
		8CF0AA3622D7D36E00A5D17E /* Build configuration list for PBXNativeTarget "DaylyTests" */ = {
			isa = XCConfigurationList;
			buildConfigurations = (
				8CF0AA3722D7D36E00A5D17E /* Debug */,
				8CF0AA3822D7D36E00A5D17E /* Release */,
			);
			defaultConfigurationIsVisible = 0;
			defaultConfigurationName = Release;
		};
		8CF0AA3922D7D36E00A5D17E /* Build configuration list for PBXNativeTarget "DaylyUITests" */ = {
			isa = XCConfigurationList;
			buildConfigurations = (
				8CF0AA3A22D7D36E00A5D17E /* Debug */,
				8CF0AA3B22D7D36E00A5D17E /* Release */,
			);
			defaultConfigurationIsVisible = 0;
			defaultConfigurationName = Release;
		};
/* End XCConfigurationList section */
	};
	rootObject = 8CF0AA0322D7D36800A5D17E /* Project object */;
}
